{
  "name": "growth",
  "version": "0.0.1",
  "lockfileVersion": 1,
  "dependencies": {
    "react-native-looped-carousel": {
      "version": "0.1.7",
      "resolved": "https://registry.npmjs.org/react-native-looped-carousel/-/react-native-looped-carousel-0.1.7.tgz",
      "integrity": "sha1-noGuxzIDklBWjjZzg9C9cLpBc+k="
    }
  }
}
